
Microsoft Visual Studio Solution File, Format Version 12.00
# Visual Studio Version 17
VisualStudioVersion = 17.11.35431.28
MinimumVisualStudioVersion = 10.0.40219.1
Project("{8BC9CEB8-8B4A-11D0-8D11-00A0C91BC942}") = "DiagramDetective", "DiagramDetective\DiagramDetective.vcxproj", "{EBB7B6F6-87EF-40C7-A575-105010F9A1C0}"
EndProject
Project("{8BC9CEB8-8B4A-11D0-8D11-00A0C91BC942}") = "DiagramChaser", "DiagramChaser\DiagramChaser.vcxproj", "{7ABFC065-EEAB-4011-8730-902BE671706E}"
EndProject
Global
	GlobalSection(SolutionConfigurationPlatforms) = preSolution
		Debug|x64 = Debug|x64
		Debug|x86 = Debug|x86
		Release|x64 = Release|x64
		Release|x86 = Release|x86
	EndGlobalSection
	GlobalSection(ProjectConfigurationPlatforms) = postSolution
		{EBB7B6F6-87EF-40C7-A575-105010F9A1C0}.Debug|x64.ActiveCfg = Debug|x64
		{EBB7B6F6-87EF-40C7-A575-105010F9A1C0}.Debug|x64.Build.0 = Debug|x64
		{EBB7B6F6-87EF-40C7-A575-105010F9A1C0}.Debug|x86.ActiveCfg = Debug|x64
		{EBB7B6F6-87EF-40C7-A575-105010F9A1C0}.Debug|x86.Build.0 = Debug|x64
		{EBB7B6F6-87EF-40C7-A575-105010F9A1C0}.Release|x64.ActiveCfg = Release|x64
		{EBB7B6F6-87EF-40C7-A575-105010F9A1C0}.Release|x64.Build.0 = Release|x64
		{EBB7B6F6-87EF-40C7-A575-105010F9A1C0}.Release|x86.ActiveCfg = Release|x64
		{EBB7B6F6-87EF-40C7-A575-105010F9A1C0}.Release|x86.Build.0 = Release|x64
		{7ABFC065-EEAB-4011-8730-902BE671706E}.Debug|x64.ActiveCfg = Debug|x64
		{7ABFC065-EEAB-4011-8730-902BE671706E}.Debug|x64.Build.0 = Debug|x64
		{7ABFC065-EEAB-4011-8730-902BE671706E}.Debug|x86.ActiveCfg = Debug|Win32
		{7ABFC065-EEAB-4011-8730-902BE671706E}.Debug|x86.Build.0 = Debug|Win32
		{7ABFC065-EEAB-4011-8730-902BE671706E}.Release|x64.ActiveCfg = Release|x64
		{7ABFC065-EEAB-4011-8730-902BE671706E}.Release|x64.Build.0 = Release|x64
		{7ABFC065-EEAB-4011-8730-902BE671706E}.Release|x86.ActiveCfg = Release|Win32
		{7ABFC065-EEAB-4011-8730-902BE671706E}.Release|x86.Build.0 = Release|Win32
	EndGlobalSection
	GlobalSection(SolutionProperties) = preSolution
		HideSolutionNode = FALSE
	EndGlobalSection
	GlobalSection(ExtensibilityGlobals) = postSolution
		SolutionGuid = {C974D23D-699C-40AA-A7C5-6E0757D016CC}
	EndGlobalSection
EndGlobal
