<?xml version="1.0" encoding="utf-8"?>
<Project ToolsVersion="4.0" xmlns="http://schemas.microsoft.com/developer/msbuild/2003">
  <ItemGroup>
    <ClCompile Include="Arrow.cpp">
      <Filter>Sources</Filter>
    </ClCompile>
    <ClCompile Include="Category.cpp">
      <Filter>Sources</Filter>
    </ClCompile>
    <ClCompile Include="CategoryDialog.cpp">
      <Filter>Sources</Filter>
    </ClCompile>
    <ClCompile Include="DiagramChaser.cpp">
      <Filter>Sources</Filter>
    </ClCompile>
    <ClCompile Include="DiagramChaserApp.cpp">
      <Filter>Sources</Filter>
    </ClCompile>
    <ClCompile Include="DiagramChaserInteractiveScene.cpp">
      <Filter>Sources</Filter>
    </ClCompile>
    <ClCompile Include="DiagramChaserScene.cpp">
      <Filter>Sources</Filter>
    </ClCompile>
    <ClCompile Include="DiagramChaserView.cpp">
      <Filter>Sources</Filter>
    </ClCompile>
    <ClCompile Include="Semicategory.cpp">
      <Filter>Sources</Filter>
    </ClCompile>
    <ClCompile Include="stdafx.cpp">
      <Filter>Sources</Filter>
    </ClCompile>
    <ClCompile Include="Semigroup.cpp">
      <Filter>Sources</Filter>
    </ClCompile>
    <ClCompile Include="Object.cpp">
      <Filter>Sources</Filter>
    </ClCompile>
    <ClCompile Include="Node.cpp">
      <Filter>Sources</Filter>
    </ClCompile>
    <ClCompile Include="main.cpp">
      <Filter>Sources</Filter>
    </ClCompile>
    <ClCompile Include="Label.cpp">
      <Filter>Sources</Filter>
    </ClCompile>
    <ClCompile Include="Product.cpp">
      <Filter>Sources</Filter>
    </ClCompile>
  </ItemGroup>
  <ItemGroup>
    <ClInclude Include="Category.h">
      <Filter>Headers</Filter>
    </ClInclude>
    <ClInclude Include="DiagramChaserInteractiveScene.h">
      <Filter>Headers</Filter>
    </ClInclude>
    <ClInclude Include="Semigroup.h">
      <Filter>Headers</Filter>
    </ClInclude>
    <ClInclude Include="stdafx.h">
      <Filter>Headers</Filter>
    </ClInclude>
    <ClInclude Include="Product.h">
      <Filter>Headers</Filter>
    </ClInclude>
  </ItemGroup>
  <ItemGroup>
    <QtMoc Include="Arrow.h">
      <Filter>Headers</Filter>
    </QtMoc>
    <QtMoc Include="CategoryDialog.h">
      <Filter>Headers</Filter>
    </QtMoc>
    <QtMoc Include="DiagramChaserApp.h">
      <Filter>Headers</Filter>
    </QtMoc>
    <QtMoc Include="DiagramChaserScene.h">
      <Filter>Headers</Filter>
    </QtMoc>
    <QtMoc Include="DiagramChaserView.h">
      <Filter>Headers</Filter>
    </QtMoc>
    <QtMoc Include="Label.h">
      <Filter>Headers</Filter>
    </QtMoc>
    <QtMoc Include="Node.h">
      <Filter>Headers</Filter>
    </QtMoc>
    <QtMoc Include="Object.h">
      <Filter>Headers</Filter>
    </QtMoc>
    <QtMoc Include="Semicategory.h">
      <Filter>Headers</Filter>
    </QtMoc>
    <QtMoc Include="DiagramChaser.h">
      <Filter>Headers</Filter>
    </QtMoc>
  </ItemGroup>
  <ItemGroup>
    <QtUic Include="CategoryDialog.ui">
      <Filter>FormUIs</Filter>
    </QtUic>
    <QtUic Include="DiagramChaser.ui">
      <Filter>FormUIs</Filter>
    </QtUic>
  </ItemGroup>
  <ItemGroup>
    <Filter Include="Sources">
      <UniqueIdentifier>{0d5d26a8-cbc1-495d-aa0d-529d71ff0dd6}</UniqueIdentifier>
    </Filter>
    <Filter Include="Headers">
      <UniqueIdentifier>{e2677243-0c6b-4f67-9956-d417256f3634}</UniqueIdentifier>
    </Filter>
    <Filter Include="FormUIs">
      <UniqueIdentifier>{7cb05832-fbf2-4b03-a927-732cd924f8d7}</UniqueIdentifier>
    </Filter>
    <Filter Include="Resources">
      <UniqueIdentifier>{aca81427-4b7a-4206-9085-64557eebbd6b}</UniqueIdentifier>
    </Filter>
  </ItemGroup>
  <ItemGroup>
    <ResourceCompile Include="DiagramChaser.rc">
      <Filter>Resources</Filter>
    </ResourceCompile>
  </ItemGroup>
  <ItemGroup>
    <QtRcc Include="DiagramChaser.qrc">
      <Filter>Resources</Filter>
    </QtRcc>
  </ItemGroup>
  <ItemGroup>
    <None Include="DiagramChaser.ico">
      <Filter>Resources</Filter>
    </None>
  </ItemGroup>
</Project>